codeberg.org/reiver/go-erorr v0.0.0-20260414214747-7b76f85a93ac h1:Rf1Y1tEmk+jU/ePubSv5KSkb7smImaDH7ZAff2TEy80=
codeberg.org/reiver/go-erorr v0.0.0-20260414214747-7b76f85a93ac/go.mod h1:yAWy5VHI6xaVFUcCEote+Zp4cgUNtYLhgwzpRXXv9ps=
codeberg.org/reiver/go-field v0.0.0-20260414030601-d901062f0b09 h1:LzvEazstwY7uljtWGgubz2a/H4Vk65BR9Y63VLXE8M0=
codeberg.org/reiver/go-field v0.0.0-20260414030601-d901062f0b09/go.mod h1:752EzuARz/8LnYzfPcxBFIIKstqok9fyTUmi5qnjn+Q=
github.com/reiver/go-calltrace v0.0.0-20251216205616-3931a8c7b154 h1:3w3kacKCTHArAMZenoEO2qssZzJiQ9G8ZJgEvKerbuE=
github.com/reiver/go-calltrace v0.0.0-20251216205616-3931a8c7b154/go.mod h1:b9j4dbN++ed+soAS/+wSCZ+OsZSm3CWiuzxps8nzkew=
github.com/reiver/go-json v0.0.0-20260306160333-8285682dd9de h1:iv1rtb5PoQn8L9GCMoOwI4YfS+qlXoI5+Kt+qaRjrB4=
github.com/reiver/go-json v0.0.0-20260306160333-8285682dd9de/go.mod h1:W3mWb+di0CJG8fHj00nBnWFRmg42kNheXO3KhHroFKU=
github.com/reiver/go-lck v0.0.0-20240808133902-b56df221c39f h1:KBVWBoNIM8mHkUR3dP64hm2p2vxoD5xHZ6wUllCjFTc=
github.com/reiver/go-lck v0.0.0-20240808133902-b56df221c39f/go.mod h1:PFseSi8S0CBkc+YB6jYWtogPk83LumclnYJZZBQJJhs=
github.com/reiver/go-opt v0.0.0-20260410151028-cc34d487e508 h1:ETZ2+gKwMCIPbxjoYGqZQUurs/mKEF4Z3/K/ZN0dfOo=
github.com/reiver/go-opt v0.0.0-20260410151028-cc34d487e508/go.mod h1:wHNwdPLR/veyiWpxj9Vvof0lnHeHNVdU5Vx+rjoY9+o=
github.com/reiver/go-utf8 v2.0.2-0.20240825112455-f6c2bd439d4f+incompatible h1:UnOzxDADv3uDI9QB8xh3ZAAmnaWyp7NlV2ny7K8FlG0=
github.com/reiver/go-utf8 v2.0.2-0.20240825112455-f6c2bd439d4f+incompatible/go.mod h1:tfGntNDUeEZIAsz0mTu0lF7/IlErc+BpQgO6yxYmJig=
golang.org/x/exp v0.0.0-20251125195548-87e1e737ad39 h1:DHNhtq3sNNzrvduZZIiFyXWOL9IWaDPHqTnLJp+rCBY=
golang.org/x/exp v0.0.0-20251125195548-87e1e737ad39/go.mod h1:46edojNIoXTNOhySWIWdix628clX9ODXwPsQuG6hsK0=
golang.org/x/net v0.53.0 h1:d+qAbo5L0orcWAr0a9JweQpjXF19LMXJE8Ey7hwOdUA=
golang.org/x/net v0.53.0/go.mod h1:JvMuJH7rrdiCfbeHoo3fCQU24Lf5JJwT9W3sJFulfgs=
golang.org/x/text v0.36.0 h1:JfKh3XmcRPqZPKevfXVpI1wXPTqbkE5f7JA92a55Yxg=
golang.org/x/text v0.36.0/go.mod h1:NIdBknypM8iqVmPiuco0Dh6P5Jcdk8lJL0CUebqK164=
